schema: '2.0'
stages:
  clean_data:
    cmd: python src/clean_data.py
    deps:
    - path: data/train.csv
      hash: md5
      md5: 80ccab65fb115cbad143dbbd2bcd5577
      size: 460676
    - path: params.yaml
      hash: md5
      md5: 944a870c677d0377832453c7a537a03e
      size: 1529
    outs:
    - path: data/preprocess/preprocessed_train.csv
      hash: md5
      md5: 1a1a31da2bb1ecd1926481fc4eb04d84
      size: 1683285
